
Microsoft Visual Studio Solution File, Format Version 12.00
# Visual Studio Version 16
VisualStudioVersion = 16.0.32002.261
MinimumVisualStudioVersion = 10.0.40219.1
Project("{FAE04EC0-301F-11D3-BF4B-00C04F79EFBC}") = "TwenGo", "TwenGo\TwenGo.csproj", "{A7093445-E3E8-4829-93B4-461DFEB191BC}"
EndProject
Global
	GlobalSection(SolutionConfigurationPlatforms) = preSolution
		Debug|Any CPU = Debug|Any CPU
		Release|Any CPU = Release|Any CPU
	EndGlobalSection
	GlobalSection(ProjectConfigurationPlatforms) = postSolution
		{A7093445-E3E8-4829-93B4-461DFEB191BC}.Debug|Any CPU.ActiveCfg = Debug|Any CPU
		{A7093445-E3E8-4829-93B4-461DFEB191BC}.Debug|Any CPU.Build.0 = Debug|Any CPU
		{A7093445-E3E8-4829-93B4-461DFEB191BC}.Release|Any CPU.ActiveCfg = Release|Any CPU
		{A7093445-E3E8-4829-93B4-461DFEB191BC}.Release|Any CPU.Build.0 = Release|Any CPU
	EndGlobalSection
	GlobalSection(SolutionProperties) = preSolution
		HideSolutionNode = FALSE
	EndGlobalSection
	GlobalSection(ExtensibilityGlobals) = postSolution
		SolutionGuid = {13866CDA-076F-4D50-91B3-1F1E19AA2003}
	EndGlobalSection
EndGlobal
